// !$*UTF8*$!
{
	archiveVersion = 1;
	classes = {
	};
	objectVersion = 50;
	objects = {

/* Begin PBXBuildFile section */
		C413614022DB86B300691DB9 /* ZufariToolBar.pdf in Resources */ = {isa = PBXBuildFile; fileRef = C413613F22DB86B300691DB9 /* ZufariToolBar.pdf */; };
		C413614222DB9A2200691DB9 /* ZUConvert.swift in Sources */ = {isa = PBXBuildFile; fileRef = C413614122DB9A2200691DB9 /* ZUConvert.swift */; };
		C413614B22DBA8F100691DB9 /* PlaceholderTextView.swift in Sources */ = {isa = PBXBuildFile; fileRef = C413614A22DBA8F100691DB9 /* PlaceholderTextView.swift */; };
		C4AF251922DB0D6C00D3CCFE /* AppDelegate.swift in Sources */ = {isa = PBXBuildFile; fileRef = C4AF251822DB0D6C00D3CCFE /* AppDelegate.swift */; };
		C4AF251B22DB0D6D00D3CCFE /* Assets.xcassets in Resources */ = {isa = PBXBuildFile; fileRef = C4AF251A22DB0D6D00D3CCFE /* Assets.xcassets */; };
		C4AF252D22DB0E0000D3CCFE /* Cocoa.framework in Frameworks */ = {isa = PBXBuildFile; fileRef = C4AF252C22DB0E0000D3CCFE /* Cocoa.framework */; };
		C4AF253022DB0E0000D3CCFE /* SafariExtensionHandler.swift in Sources */ = {isa = PBXBuildFile; fileRef = C4AF252F22DB0E0000D3CCFE /* SafariExtensionHandler.swift */; };
		C4AF253222DB0E0000D3CCFE /* SafariExtensionViewController.swift in Sources */ = {isa = PBXBuildFile; fileRef = C4AF253122DB0E0000D3CCFE /* SafariExtensionViewController.swift */; };
		C4AF253522DB0E0000D3CCFE /* SafariExtensionViewController.xib in Resources */ = {isa = PBXBuildFile; fileRef = C4AF253322DB0E0000D3CCFE /* SafariExtensionViewController.xib */; };
		C4AF253822DB0E0000D3CCFE /* script.js in Resources */ = {isa = PBXBuildFile; fileRef = C4AF253722DB0E0000D3CCFE /* script.js */; };
		C4AF253E22DB0E0000D3CCFE /* Zufari Extension.appex in Embed App Extensions */ = {isa = PBXBuildFile; fileRef = C4AF252A22DB0E0000D3CCFE /* Zufari Extension.appex */; settings = {ATTRIBUTES = (RemoveHeadersOnCopy, ); }; };
		C4F0FFD522DBB30B00F76641 /* Pyidaungsu.ttf in Resources */ = {isa = PBXBuildFile; fileRef = C4F0FFD422DBB2FC00F76641 /* Pyidaungsu.ttf */; };
		C4F0FFD622DBB30B00F76641 /* Zawgyi-One.ttf in Resources */ = {isa = PBXBuildFile; fileRef = C4F0FFD322DBB2FC00F76641 /* Zawgyi-One.ttf */; };
		C4F0FFD722DBB44F00F76641 /* Pyidaungsu.ttf in Resources */ = {isa = PBXBuildFile; fileRef = C4F0FFD422DBB2FC00F76641 /* Pyidaungsu.ttf */; };
		C4F0FFD822DBB44F00F76641 /* Zawgyi-One.ttf in Resources */ = {isa = PBXBuildFile; fileRef = C4F0FFD322DBB2FC00F76641 /* Zawgyi-One.ttf */; };
		C4F0FFF622DBB6B400F76641 /* Main.storyboard in Resources */ = {isa = PBXBuildFile; fileRef = C4F0FFF522DBB6B400F76641 /* Main.storyboard */; };
		C4F0FFF822DBBA2D00F76641 /* ViewController.swift in Sources */ = {isa = PBXBuildFile; fileRef = C4F0FFF722DBBA2D00F76641 /* ViewController.swift */; };
/* End PBXBuildFile section */

/* Begin PBXContainerItemProxy section */
		C4AF253C22DB0E0000D3CCFE /* PBXContainerItemProxy */ = {
			isa = PBXContainerItemProxy;
			containerPortal = C4AF250D22DB0D6C00D3CCFE /* Project object */;
			proxyType = 1;
			remoteGlobalIDString = C4AF252922DB0E0000D3CCFE;
			remoteInfo = "ZUfari Extension";
		};
/* End PBXContainerItemProxy section */

/* Begin PBXCopyFilesBuildPhase section */
		C4AF254222DB0E0000D3CCFE /* Embed App Extensions */ = {
			isa = PBXCopyFilesBuildPhase;
			buildActionMask = 2147483647;
			dstPath = "";
			dstSubfolderSpec = 13;
			files = (
				C4AF253E22DB0E0000D3CCFE /* Zufari Extension.appex in Embed App Extensions */,
			);
			name = "Embed App Extensions";
			runOnlyForDeploymentPostprocessing = 0;
		};
/* End PBXCopyFilesBuildPhase section */

/* Begin PBXFileReference section */
		C413613F22DB86B300691DB9 /* ZufariToolBar.pdf */ = {isa = PBXFileReference; lastKnownFileType = image.pdf; path = ZufariToolBar.pdf; sourceTree = "<group>"; };
		C413614122DB9A2200691DB9 /* ZUConvert.swift */ = {isa = PBXFileReference; lastKnownFileType = sourcecode.swift; path = ZUConvert.swift; sourceTree = "<group>"; };
		C413614A22DBA8F100691DB9 /* PlaceholderTextView.swift */ = {isa = PBXFileReference; lastKnownFileType = sourcecode.swift; path = PlaceholderTextView.swift; sourceTree = "<group>"; };
		C4AF251522DB0D6C00D3CCFE /* Zufari.app */ = {isa = PBXFileReference; explicitFileType = wrapper.application; includeInIndex = 0; path = Zufari.app; sourceTree = BUILT_PRODUCTS_DIR; };
		C4AF251822DB0D6C00D3CCFE /* AppDelegate.swift */ = {isa = PBXFileReference; lastKnownFileType = sourcecode.swift; path = AppDelegate.swift; sourceTree = "<group>"; };
		C4AF251A22DB0D6D00D3CCFE /* Assets.xcassets */ = {isa = PBXFileReference; lastKnownFileType = folder.assetcatalog; path = Assets.xcassets; sourceTree = "<group>"; };
		C4AF251F22DB0D6D00D3CCFE /* Info.plist */ = {isa = PBXFileReference; lastKnownFileType = text.plist.xml; path = Info.plist; sourceTree = "<group>"; };
		C4AF252022DB0D6D00D3CCFE /* ZUfari.entitlements */ = {isa = PBXFileReference; lastKnownFileType = text.plist.entitlements; path = ZUfari.entitlements; sourceTree = "<group>"; };
		C4AF252A22DB0E0000D3CCFE /* Zufari Extension.appex */ = {isa = PBXFileReference; explicitFileType = "wrapper.app-extension"; includeInIndex = 0; path = "Zufari Extension.appex"; sourceTree = BUILT_PRODUCTS_DIR; };
		C4AF252C22DB0E0000D3CCFE /* Cocoa.framework */ = {isa = PBXFileReference; lastKnownFileType = wrapper.framework; name = Cocoa.framework; path = System/Library/Frameworks/Cocoa.framework; sourceTree = SDKROOT; };
		C4AF252F22DB0E0000D3CCFE /* SafariExtensionHandler.swift */ = {isa = PBXFileReference; lastKnownFileType = sourcecode.swift; path = SafariExtensionHandler.swift; sourceTree = "<group>"; };
		C4AF253122DB0E0000D3CCFE /* SafariExtensionViewController.swift */ = {isa = PBXFileReference; lastKnownFileType = sourcecode.swift; path = SafariExtensionViewController.swift; sourceTree = "<group>"; };
		C4AF253422DB0E0000D3CCFE /* Base */ = {isa = PBXFileReference; lastKnownFileType = file.xib; name = Base; path = Base.lproj/SafariExtensionViewController.xib; sourceTree = "<group>"; };
		C4AF253622DB0E0000D3CCFE /* Info.plist */ = {isa = PBXFileReference; lastKnownFileType = text.plist.xml; path = Info.plist; sourceTree = "<group>"; };
		C4AF253722DB0E0000D3CCFE /* script.js */ = {isa = PBXFileReference; lastKnownFileType = sourcecode.javascript; path = script.js; sourceTree = "<group>"; };
		C4AF253B22DB0E0000D3CCFE /* ZUfari_Extension.entitlements */ = {isa = PBXFileReference; lastKnownFileType = text.plist.entitlements; path = ZUfari_Extension.entitlements; sourceTree = "<group>"; };
		C4F0FFD322DBB2FC00F76641 /* Zawgyi-One.ttf */ = {isa = PBXFileReference; lastKnownFileType = file; path = "Zawgyi-One.ttf"; sourceTree = "<group>"; };
		C4F0FFD422DBB2FC00F76641 /* Pyidaungsu.ttf */ = {isa = PBXFileReference; lastKnownFileType = file; path = Pyidaungsu.ttf; sourceTree = "<group>"; };
		C4F0FFF522DBB6B400F76641 /* Main.storyboard */ = {isa = PBXFileReference; lastKnownFileType = file.storyboard; path = Main.storyboard; sourceTree = "<group>"; };
		C4F0FFF722DBBA2D00F76641 /* ViewController.swift */ = {isa = PBXFileReference; lastKnownFileType = sourcecode.swift; path = ViewController.swift; sourceTree = "<group>"; };
/* End PBXFileReference section */

/* Begin PBXFrameworksBuildPhase section */
		C4AF251222DB0D6C00D3CCFE /* Frameworks */ = {
			isa = PBXFrameworksBuildPhase;
			buildActionMask = 2147483647;
			files = (
			);
			runOnlyForDeploymentPostprocessing = 0;
		};
		C4AF252722DB0E0000D3CCFE /* Frameworks */ = {
			isa = PBXFrameworksBuildPhase;
			buildActionMask = 2147483647;
			files = (
				C4AF252D22DB0E0000D3CCFE /* Cocoa.framework in Frameworks */,
			);
			runOnlyForDeploymentPostprocessing = 0;
		};
/* End PBXFrameworksBuildPhase section */

/* Begin PBXGroup section */
		C413614922DBA0CE00691DB9 /* Fonts */ = {
			isa = PBXGroup;
			children = (
				C4F0FFD422DBB2FC00F76641 /* Pyidaungsu.ttf */,
				C4F0FFD322DBB2FC00F76641 /* Zawgyi-One.ttf */,
			);
			path = Fonts;
			sourceTree = "<group>";
		};
		C4AF250C22DB0D6C00D3CCFE = {
			isa = PBXGroup;
			children = (
				C4AF251722DB0D6C00D3CCFE /* ZUfari */,
				C4AF252E22DB0E0000D3CCFE /* ZUfari Extension */,
				C4AF252B22DB0E0000D3CCFE /* Frameworks */,
				C4AF251622DB0D6C00D3CCFE /* Products */,
			);
			sourceTree = "<group>";
		};
		C4AF251622DB0D6C00D3CCFE /* Products */ = {
			isa = PBXGroup;
			children = (
				C4AF251522DB0D6C00D3CCFE /* Zufari.app */,
				C4AF252A22DB0E0000D3CCFE /* Zufari Extension.appex */,
			);
			name = Products;
			sourceTree = "<group>";
		};
		C4AF251722DB0D6C00D3CCFE /* ZUfari */ = {
			isa = PBXGroup;
			children = (
				C4AF251822DB0D6C00D3CCFE /* AppDelegate.swift */,
				C4F0FFF722DBBA2D00F76641 /* ViewController.swift */,
				C4AF251A22DB0D6D00D3CCFE /* Assets.xcassets */,
				C4F0FFF522DBB6B400F76641 /* Main.storyboard */,
				C4AF251F22DB0D6D00D3CCFE /* Info.plist */,
				C4AF252022DB0D6D00D3CCFE /* ZUfari.entitlements */,
			);
			path = ZUfari;
			sourceTree = "<group>";
		};
		C4AF252B22DB0E0000D3CCFE /* Frameworks */ = {
			isa = PBXGroup;
			children = (
				C4AF252C22DB0E0000D3CCFE /* Cocoa.framework */,
			);
			name = Frameworks;
			sourceTree = "<group>";
		};
		C4AF252E22DB0E0000D3CCFE /* ZUfari Extension */ = {
			isa = PBXGroup;
			children = (
				C413614922DBA0CE00691DB9 /* Fonts */,
				C413614122DB9A2200691DB9 /* ZUConvert.swift */,
				C413614A22DBA8F100691DB9 /* PlaceholderTextView.swift */,
				C4AF252F22DB0E0000D3CCFE /* SafariExtensionHandler.swift */,
				C4AF253122DB0E0000D3CCFE /* SafariExtensionViewController.swift */,
				C4AF253322DB0E0000D3CCFE /* SafariExtensionViewController.xib */,
				C4AF253622DB0E0000D3CCFE /* Info.plist */,
				C4AF253722DB0E0000D3CCFE /* script.js */,
				C413613F22DB86B300691DB9 /* ZufariToolBar.pdf */,
				C4AF253B22DB0E0000D3CCFE /* ZUfari_Extension.entitlements */,
			);
			path = "ZUfari Extension";
			sourceTree = "<group>";
		};
/* End PBXGroup section */

/* Begin PBXNativeTarget section */
		C4AF251422DB0D6C00D3CCFE /* Zufari */ = {
			isa = PBXNativeTarget;
			buildConfigurationList = C4AF252322DB0D6D00D3CCFE /* Build configuration list for PBXNativeTarget "Zufari" */;
			buildPhases = (
				C4AF251122DB0D6C00D3CCFE /* Sources */,
				C4AF251222DB0D6C00D3CCFE /* Frameworks */,
				C4AF251322DB0D6C00D3CCFE /* Resources */,
				C4AF254222DB0E0000D3CCFE /* Embed App Extensions */,
			);
			buildRules = (
			);
			dependencies = (
				C4AF253D22DB0E0000D3CCFE /* PBXTargetDependency */,
			);
			name = Zufari;
			productName = ZUfari;
			productReference = C4AF251522DB0D6C00D3CCFE /* Zufari.app */;
			productType = "com.apple.product-type.application";
		};
		C4AF252922DB0E0000D3CCFE /* Zufari Extension */ = {
			isa = PBXNativeTarget;
			buildConfigurationList = C4AF253F22DB0E0000D3CCFE /* Build configuration list for PBXNativeTarget "Zufari Extension" */;
			buildPhases = (
				C4AF252622DB0E0000D3CCFE /* Sources */,
				C4AF252722DB0E0000D3CCFE /* Frameworks */,
				C4AF252822DB0E0000D3CCFE /* Resources */,
			);
			buildRules = (
			);
			dependencies = (
			);
			name = "Zufari Extension";
			productName = "ZUfari Extension";
			productReference = C4AF252A22DB0E0000D3CCFE /* Zufari Extension.appex */;
			productType = "com.apple.product-type.app-extension";
		};
/* End PBXNativeTarget section */

/* Begin PBXProject section */
		C4AF250D22DB0D6C00D3CCFE /* Project object */ = {
			isa = PBXProject;
			attributes = {
				LastSwiftUpdateCheck = 1020;
				LastUpgradeCheck = 1020;
				ORGANIZATIONNAME = "Ye Wai Yan";
				TargetAttributes = {
					C4AF251422DB0D6C00D3CCFE = {
						CreatedOnToolsVersion = 10.2.1;
					};
					C4AF252922DB0E0000D3CCFE = {
						CreatedOnToolsVersion = 10.2.1;
					};
				};
			};
			buildConfigurationList = C4AF251022DB0D6C00D3CCFE /* Build configuration list for PBXProject "Zufari" */;
			compatibilityVersion = "Xcode 9.3";
			developmentRegion = en;
			hasScannedForEncodings = 0;
			knownRegions = (
				en,
				Base,
			);
			mainGroup = C4AF250C22DB0D6C00D3CCFE;
			productRefGroup = C4AF251622DB0D6C00D3CCFE /* Products */;
			projectDirPath = "";
			projectRoot = "";
			targets = (
				C4AF251422DB0D6C00D3CCFE /* Zufari */,
				C4AF252922DB0E0000D3CCFE /* Zufari Extension */,
			);
		};
/* End PBXProject section */

/* Begin PBXResourcesBuildPhase section */
		C4AF251322DB0D6C00D3CCFE /* Resources */ = {
			isa = PBXResourcesBuildPhase;
			buildActionMask = 2147483647;
			files = (
				C4F0FFD722DBB44F00F76641 /* Pyidaungsu.ttf in Resources */,
				C4F0FFD822DBB44F00F76641 /* Zawgyi-One.ttf in Resources */,
				C4AF251B22DB0D6D00D3CCFE /* Assets.xcassets in Resources */,
				C4F0FFF622DBB6B400F76641 /* Main.storyboard in Resources */,
			);
			runOnlyForDeploymentPostprocessing = 0;
		};
		C4AF252822DB0E0000D3CCFE /* Resources */ = {
			isa = PBXResourcesBuildPhase;
			buildActionMask = 2147483647;
			files = (
				C4F0FFD522DBB30B00F76641 /* Pyidaungsu.ttf in Resources */,
				C4F0FFD622DBB30B00F76641 /* Zawgyi-One.ttf in Resources */,
				C413614022DB86B300691DB9 /* ZufariToolBar.pdf in Resources */,
				C4AF253522DB0E0000D3CCFE /* SafariExtensionViewController.xib in Resources */,
				C4AF253822DB0E0000D3CCFE /* script.js in Resources */,
			);
			runOnlyForDeploymentPostprocessing = 0;
		};
/* End PBXResourcesBuildPhase section */

/* Begin PBXSourcesBuildPhase section */
		C4AF251122DB0D6C00D3CCFE /* Sources */ = {
			isa = PBXSourcesBuildPhase;
			buildActionMask = 2147483647;
			files = (
				C4F0FFF822DBBA2D00F76641 /* ViewController.swift in Sources */,
				C4AF251922DB0D6C00D3CCFE /* AppDelegate.swift in Sources */,
			);
			runOnlyForDeploymentPostprocessing = 0;
		};
		C4AF252622DB0E0000D3CCFE /* Sources */ = {
			isa = PBXSourcesBuildPhase;
			buildActionMask = 2147483647;
			files = (
				C4AF253222DB0E0000D3CCFE /* SafariExtensionViewController.swift in Sources */,
				C413614222DB9A2200691DB9 /* ZUConvert.swift in Sources */,
				C4AF253022DB0E0000D3CCFE /* SafariExtensionHandler.swift in Sources */,
				C413614B22DBA8F100691DB9 /* PlaceholderTextView.swift in Sources */,
			);
			runOnlyForDeploymentPostprocessing = 0;
		};
/* End PBXSourcesBuildPhase section */

/* Begin PBXTargetDependency section */
		C4AF253D22DB0E0000D3CCFE /* PBXTargetDependency */ = {
			isa = PBXTargetDependency;
			target = C4AF252922DB0E0000D3CCFE /* Zufari Extension */;
			targetProxy = C4AF253C22DB0E0000D3CCFE /* PBXContainerItemProxy */;
		};
/* End PBXTargetDependency section */

/* Begin PBXVariantGroup section */
		C4AF253322DB0E0000D3CCFE /* SafariExtensionViewController.xib */ = {
			isa = PBXVariantGroup;
			children = (
				C4AF253422DB0E0000D3CCFE /* Base */,
			);
			name = SafariExtensionViewController.xib;
			sourceTree = "<group>";
		};
/* End PBXVariantGroup section */

/* Begin XCBuildConfiguration section */
		C4AF252122DB0D6D00D3CCFE /* Debug */ = {
			isa = XCBuildConfiguration;
			buildSettings = {
				ALWAYS_SEARCH_USER_PATHS = NO;
				CLANG_ANALYZER_NONNULL = YES;
				CLANG_ANALYZER_NUMBER_OBJECT_CONVERSION = YES_AGGRESSIVE;
				CLANG_CXX_LANGUAGE_STANDARD = "gnu++14";
				CLANG_CXX_LIBRARY = "libc++";
				CLANG_ENABLE_MODULES = YES;
				CLANG_ENABLE_OBJC_ARC = YES;
				CLANG_ENABLE_OBJC_WEAK = YES;
				CLANG_WARN_BLOCK_CAPTURE_AUTORELEASING = YES;
				CLANG_WARN_BOOL_CONVERSION = YES;
				CLANG_WARN_COMMA = YES;
				CLANG_WARN_CONSTANT_CONVERSION = YES;
				CLANG_WARN_DEPRECATED_OBJC_IMPLEMENTATIONS = YES;
				CLANG_WARN_DIRECT_OBJC_ISA_USAGE = YES_ERROR;
				CLANG_WARN_DOCUMENTATION_COMMENTS = YES;
				CLANG_WARN_EMPTY_BODY = YES;
				CLANG_WARN_ENUM_CONVERSION = YES;
				CLANG_WARN_INFINITE_RECURSION = YES;
				CLANG_WARN_INT_CONVERSION = YES;
				CLANG_WARN_NON_LITERAL_NULL_CONVERSION = YES;
				CLANG_WARN_OBJC_IMPLICIT_RETAIN_SELF = YES;
				CLANG_WARN_OBJC_LITERAL_CONVERSION = YES;
				CLANG_WARN_OBJC_ROOT_CLASS = YES_ERROR;
				CLANG_WARN_RANGE_LOOP_ANALYSIS = YES;
				CLANG_WARN_STRICT_PROTOTYPES = YES;
				CLANG_WARN_SUSPICIOUS_MOVE = YES;
				CLANG_WARN_UNGUARDED_AVAILABILITY = YES_AGGRESSIVE;
				CLANG_WARN_UNREACHABLE_CODE = YES;
				CLANG_WARN__DUPLICATE_METHOD_MATCH = YES;
				CODE_SIGN_IDENTITY = "Mac Developer";
				COPY_PHASE_STRIP = NO;
				DEBUG_INFORMATION_FORMAT = dwarf;
				ENABLE_STRICT_OBJC_MSGSEND = YES;
				ENABLE_TESTABILITY = YES;
				GCC_C_LANGUAGE_STANDARD = gnu11;
				GCC_DYNAMIC_NO_PIC = NO;
				GCC_NO_COMMON_BLOCKS = YES;
				GCC_OPTIMIZATION_LEVEL = 0;
				GCC_PREPROCESSOR_DEFINITIONS = (
					"DEBUG=1",
					"$(inherited)",
				);
				GCC_WARN_64_TO_32_BIT_CONVERSION = YES;
				GCC_WARN_ABOUT_RETURN_TYPE = YES_ERROR;
				GCC_WARN_UNDECLARED_SELECTOR = YES;
				GCC_WARN_UNINITIALIZED_AUTOS = YES_AGGRESSIVE;
				GCC_WARN_UNUSED_FUNCTION = YES;
				GCC_WARN_UNUSED_VARIABLE = YES;
				MACOSX_DEPLOYMENT_TARGET = 10.14;
				MTL_ENABLE_DEBUG_INFO = INCLUDE_SOURCE;
				MTL_FAST_MATH = YES;
				ONLY_ACTIVE_ARCH = YES;
				SDKROOT = macosx;
				SWIFT_ACTIVE_COMPILATION_CONDITIONS = DEBUG;
				SWIFT_OPTIMIZATION_LEVEL = "-Onone";
			};
			name = Debug;
		};
		C4AF252222DB0D6D00D3CCFE /* Release */ = {
			isa = XCBuildConfiguration;
			buildSettings = {
				ALWAYS_SEARCH_USER_PATHS = NO;
				CLANG_ANALYZER_NONNULL = YES;
				CLANG_ANALYZER_NUMBER_OBJECT_CONVERSION = YES_AGGRESSIVE;
				CLANG_CXX_LANGUAGE_STANDARD = "gnu++14";
				CLANG_CXX_LIBRARY = "libc++";
				CLANG_ENABLE_MODULES = YES;
				CLANG_ENABLE_OBJC_ARC = YES;
				CLANG_ENABLE_OBJC_WEAK = YES;
				CLANG_WARN_BLOCK_CAPTURE_AUTORELEASING = YES;
				CLANG_WARN_BOOL_CONVERSION = YES;
				CLANG_WARN_COMMA = YES;
				CLANG_WARN_CONSTANT_CONVERSION = YES;
				CLANG_WARN_DEPRECATED_OBJC_IMPLEMENTATIONS = YES;
				CLANG_WARN_DIRECT_OBJC_ISA_USAGE = YES_ERROR;
				CLANG_WARN_DOCUMENTATION_COMMENTS = YES;
				CLANG_WARN_EMPTY_BODY = YES;
				CLANG_WARN_ENUM_CONVERSION = YES;
				CLANG_WARN_INFINITE_RECURSION = YES;
				CLANG_WARN_INT_CONVERSION = YES;
				CLANG_WARN_NON_LITERAL_NULL_CONVERSION = YES;
				CLANG_WARN_OBJC_IMPLICIT_RETAIN_SELF = YES;
				CLANG_WARN_OBJC_LITERAL_CONVERSION = YES;
				CLANG_WARN_OBJC_ROOT_CLASS = YES_ERROR;
				CLANG_WARN_RANGE_LOOP_ANALYSIS = YES;
				CLANG_WARN_STRICT_PROTOTYPES = YES;
				CLANG_WARN_SUSPICIOUS_MOVE = YES;
				CLANG_WARN_UNGUARDED_AVAILABILITY = YES_AGGRESSIVE;
				CLANG_WARN_UNREACHABLE_CODE = YES;
				CLANG_WARN__DUPLICATE_METHOD_MATCH = YES;
				CODE_SIGN_IDENTITY = "Mac Developer";
				COPY_PHASE_STRIP = NO;
				DEBUG_INFORMATION_FORMAT = "dwarf-with-dsym";
				ENABLE_NS_ASSERTIONS = NO;
				ENABLE_STRICT_OBJC_MSGSEND = YES;
				GCC_C_LANGUAGE_STANDARD = gnu11;
				GCC_NO_COMMON_BLOCKS = YES;
				GCC_WARN_64_TO_32_BIT_CONVERSION = YES;
				GCC_WARN_ABOUT_RETURN_TYPE = YES_ERROR;
				GCC_WARN_UNDECLARED_SELECTOR = YES;
				GCC_WARN_UNINITIALIZED_AUTOS = YES_AGGRESSIVE;
				GCC_WARN_UNUSED_FUNCTION = YES;
				GCC_WARN_UNUSED_VARIABLE = YES;
				MACOSX_DEPLOYMENT_TARGET = 10.14;
				MTL_ENABLE_DEBUG_INFO = NO;
				MTL_FAST_MATH = YES;
				SDKROOT = macosx;
				SWIFT_COMPILATION_MODE = wholemodule;
				SWIFT_OPTIMIZATION_LEVEL = "-O";
			};
			name = Release;
		};
		C4AF252422DB0D6D00D3CCFE /* Debug */ = {
			isa = XCBuildConfiguration;
			buildSettings = {
				ALWAYS_EMBED_SWIFT_STANDARD_LIBRARIES = YES;
				ASSETCATALOG_COMPILER_APPICON_NAME = AppIcon;
				CODE_SIGN_ENTITLEMENTS = ZUfari/ZUfari.entitlements;
				CODE_SIGN_STYLE = Automatic;
				COMBINE_HIDPI_IMAGES = YES;
				DEVELOPMENT_TEAM = HA59L48NC8;
				INFOPLIST_FILE = ZUfari/Info.plist;
				LD_RUNPATH_SEARCH_PATHS = (
					"$(inherited)",
					"@executable_path/../Frameworks",
				);
				PRODUCT_BUNDLE_IDENTIFIER = bupstan.ZUfari;
				PRODUCT_NAME = "$(TARGET_NAME)";
				SWIFT_VERSION = 5.0;
			};
			name = Debug;
		};
		C4AF252522DB0D6D00D3CCFE /* Release */ = {
			isa = XCBuildConfiguration;
			buildSettings = {
				ALWAYS_EMBED_SWIFT_STANDARD_LIBRARIES = YES;
				ASSETCATALOG_COMPILER_APPICON_NAME = AppIcon;
				CODE_SIGN_ENTITLEMENTS = ZUfari/ZUfari.entitlements;
				CODE_SIGN_STYLE = Automatic;
				COMBINE_HIDPI_IMAGES = YES;
				DEVELOPMENT_TEAM = HA59L48NC8;
				INFOPLIST_FILE = ZUfari/Info.plist;
				LD_RUNPATH_SEARCH_PATHS = (
					"$(inherited)",
					"@executable_path/../Frameworks",
				);
				PRODUCT_BUNDLE_IDENTIFIER = bupstan.ZUfari;
				PRODUCT_NAME = "$(TARGET_NAME)";
				SWIFT_VERSION = 5.0;
			};
			name = Release;
		};
		C4AF254022DB0E0000D3CCFE /* Debug */ = {
			isa = XCBuildConfiguration;
			buildSettings = {
				CODE_SIGN_ENTITLEMENTS = "ZUfari Extension/ZUfari_Extension.entitlements";
				CODE_SIGN_STYLE = Automatic;
				DEVELOPMENT_TEAM = HA59L48NC8;
				INFOPLIST_FILE = "ZUfari Extension/Info.plist";
				LD_RUNPATH_SEARCH_PATHS = (
					"$(inherited)",
					"@executable_path/../Frameworks",
					"@executable_path/../../../../Frameworks",
				);
				PRODUCT_BUNDLE_IDENTIFIER = "bupstan.ZUfari.ZUfari-Extension";
				PRODUCT_NAME = "$(TARGET_NAME)";
				SKIP_INSTALL = YES;
				SWIFT_VERSION = 5.0;
			};
			name = Debug;
		};
		C4AF254122DB0E0000D3CCFE /* Release */ = {
			isa = XCBuildConfiguration;
			buildSettings = {
				CODE_SIGN_ENTITLEMENTS = "ZUfari Extension/ZUfari_Extension.entitlements";
				CODE_SIGN_STYLE = Automatic;
				DEVELOPMENT_TEAM = HA59L48NC8;
				INFOPLIST_FILE = "ZUfari Extension/Info.plist";
				LD_RUNPATH_SEARCH_PATHS = (
					"$(inherited)",
					"@executable_path/../Frameworks",
					"@executable_path/../../../../Frameworks",
				);
				PRODUCT_BUNDLE_IDENTIFIER = "bupstan.ZUfari.ZUfari-Extension";
				PRODUCT_NAME = "$(TARGET_NAME)";
				SKIP_INSTALL = YES;
				SWIFT_VERSION = 5.0;
			};
			name = Release;
		};
/* End XCBuildConfiguration section */

/* Begin XCConfigurationList section */
		C4AF251022DB0D6C00D3CCFE /* Build configuration list for PBXProject "Zufari" */ = {
			isa = XCConfigurationList;
			buildConfigurations = (
				C4AF252122DB0D6D00D3CCFE /* Debug */,
				C4AF252222DB0D6D00D3CCFE /* Release */,
			);
			defaultConfigurationIsVisible = 0;
			defaultConfigurationName = Release;
		};
		C4AF252322DB0D6D00D3CCFE /* Build configuration list for PBXNativeTarget "Zufari" */ = {
			isa = XCConfigurationList;
			buildConfigurations = (
				C4AF252422DB0D6D00D3CCFE /* Debug */,
				C4AF252522DB0D6D00D3CCFE /* Release */,
			);
			defaultConfigurationIsVisible = 0;
			defaultConfigurationName = Release;
		};
		C4AF253F22DB0E0000D3CCFE /* Build configuration list for PBXNativeTarget "Zufari Extension" */ = {
			isa = XCConfigurationList;
			buildConfigurations = (
				C4AF254022DB0E0000D3CCFE /* Debug */,
				C4AF254122DB0E0000D3CCFE /* Release */,
			);
			defaultConfigurationIsVisible = 0;
			defaultConfigurationName = Release;
		};
/* End XCConfigurationList section */
	};
	rootObject = C4AF250D22DB0D6C00D3CCFE /* Project object */;
}
